// !$*UTF8*$!
{
	archiveVersion = 1;
	classes = {
	};
	objectVersion = 56;
	objects = {

/* Begin PBXBuildFile section */
		4F1B92EC29EF8A18000A8974 /* BirdRenderer.mm in Sources */ = {isa = PBXBuildFile; fileRef = 4F1B92EA29EF8A18000A8974 /* BirdRenderer.mm */; };
		4F1B92ED29EF8A18000A8974 /* BirdRenderer.hpp in Headers */ = {isa = PBXBuildFile; fileRef = 4F1B92EB29EF8A18000A8974 /* BirdRenderer.hpp */; settings = {ATTRIBUTES = (Private, ); }; };
		4F4B8DC329F404BF00AD6F08 /* AppKit.framework in Frameworks */ = {isa = PBXBuildFile; fileRef = 4F4B8DC229F404BE00AD6F08 /* AppKit.framework */; platformFilters = (maccatalyst, macos, ); };
		4F4B8DC629F4069500AD6F08 /* NSObject+Foundation_IvarDescription.h in Headers */ = {isa = PBXBuildFile; fileRef = 4F4B8DC429F4069500AD6F08 /* NSObject+Foundation_IvarDescription.h */; };
		4F4B8DC729F4069500AD6F08 /* NSObject+Foundation_IvarDescription.mm in Sources */ = {isa = PBXBuildFile; fileRef = 4F4B8DC529F4069500AD6F08 /* NSObject+Foundation_IvarDescription.mm */; };
		4F4B8DD329F4161500AD6F08 /* Math.cpp in Sources */ = {isa = PBXBuildFile; fileRef = 4F4B8DD129F4161500AD6F08 /* Math.cpp */; };
		4F4B8DD429F4161500AD6F08 /* Math.hpp in Headers */ = {isa = PBXBuildFile; fileRef = 4F4B8DD229F4161500AD6F08 /* Math.hpp */; settings = {ATTRIBUTES = (Private, ); }; };
		4F99489C29EC39F300A7B116 /* MetalBirdApp.swift in Sources */ = {isa = PBXBuildFile; fileRef = 4F99489B29EC39F300A7B116 /* MetalBirdApp.swift */; };
		4F99489E29EC39F300A7B116 /* ContentView.swift in Sources */ = {isa = PBXBuildFile; fileRef = 4F99489D29EC39F300A7B116 /* ContentView.swift */; };
		4F9948A029EC39F400A7B116 /* Assets.xcassets in Resources */ = {isa = PBXBuildFile; fileRef = 4F99489F29EC39F400A7B116 /* Assets.xcassets */; };
		4F9948A329EC39F400A7B116 /* Preview Assets.xcassets in Resources */ = {isa = PBXBuildFile; fileRef = 4F9948A229EC39F400A7B116 /* Preview Assets.xcassets */; };
		4F9948D629EC3F7E00A7B116 /* GameView.swift in Sources */ = {isa = PBXBuildFile; fileRef = 4F9948D529EC3F7E00A7B116 /* GameView.swift */; };
		4FAEC79A29ED8D3A005B696C /* MetalBirdRenderer.h in Headers */ = {isa = PBXBuildFile; fileRef = 4FAEC79929ED8D3A005B696C /* MetalBirdRenderer.h */; settings = {ATTRIBUTES = (Public, ); }; };
		4FAEC79D29ED8D3A005B696C /* MetalBirdRenderer.framework in Frameworks */ = {isa = PBXBuildFile; fileRef = 4FAEC79729ED8D3A005B696C /* MetalBirdRenderer.framework */; };
		4FAEC79E29ED8D3A005B696C /* MetalBirdRenderer.framework in Embed Frameworks */ = {isa = PBXBuildFile; fileRef = 4FAEC79729ED8D3A005B696C /* MetalBirdRenderer.framework */; settings = {ATTRIBUTES = (CodeSignOnCopy, RemoveHeadersOnCopy, ); }; };
		4FAEC7A529ED8D5D005B696C /* constants.h in Headers */ = {isa = PBXBuildFile; fileRef = 4FAEC7A229ED8D5D005B696C /* constants.h */; settings = {ATTRIBUTES = (Public, ); }; };
		4FAEC7A629ED8D5D005B696C /* GameRenderer.h in Headers */ = {isa = PBXBuildFile; fileRef = 4FAEC7A329ED8D5D005B696C /* GameRenderer.h */; settings = {ATTRIBUTES = (Public, ); }; };
		4FAEC7A729ED8D5D005B696C /* GameRenderer.mm in Sources */ = {isa = PBXBuildFile; fileRef = 4FAEC7A429ED8D5D005B696C /* GameRenderer.mm */; };
		4FAEC7A929ED8D89005B696C /* bird_shader.metal in Sources */ = {isa = PBXBuildFile; fileRef = 4FAEC7A829ED8D89005B696C /* bird_shader.metal */; };
		4FAEC7AB29ED8D91005B696C /* grid_shader.metal in Sources */ = {isa = PBXBuildFile; fileRef = 4FAEC7AA29ED8D91005B696C /* grid_shader.metal */; };
		4FAEC7B029ED950E005B696C /* Metal.framework in Frameworks */ = {isa = PBXBuildFile; fileRef = 4FAEC7AF29ED950E005B696C /* Metal.framework */; };
		4FAEC7B629ED9ACD005B696C /* BaseRenderer.mm in Sources */ = {isa = PBXBuildFile; fileRef = 4FAEC7B429ED9ACD005B696C /* BaseRenderer.mm */; };
		4FAEC7B729ED9ACD005B696C /* BaseRenderer.hpp in Headers */ = {isa = PBXBuildFile; fileRef = 4FAEC7B529ED9ACD005B696C /* BaseRenderer.hpp */; settings = {ATTRIBUTES = (Private, ); }; };
		4FAEC7BA29ED9C75005B696C /* GridRenderer.mm in Sources */ = {isa = PBXBuildFile; fileRef = 4FAEC7B829ED9C75005B696C /* GridRenderer.mm */; };
		4FAEC7BB29ED9C75005B696C /* GridRenderer.hpp in Headers */ = {isa = PBXBuildFile; fileRef = 4FAEC7B929ED9C75005B696C /* GridRenderer.hpp */; settings = {ATTRIBUTES = (Private, ); }; };
		4FAEC7BF29EDA2E7005B696C /* CoreGraphics.framework in Frameworks */ = {isa = PBXBuildFile; fileRef = 4FAEC7BE29EDA2E7005B696C /* CoreGraphics.framework */; };
		4FB90AEA29F03C3A00EE37A4 /* UIWindowScene+DidChangeScreenNotification.hpp in Headers */ = {isa = PBXBuildFile; fileRef = 4FB90AE829F03C3A00EE37A4 /* UIWindowScene+DidChangeScreenNotification.hpp */; settings = {ATTRIBUTES = (Private, ); }; };
		4FB90AEB29F03C3A00EE37A4 /* UIWindowScene+DidChangeScreenNotification.mm in Sources */ = {isa = PBXBuildFile; fileRef = 4FB90AE929F03C3A00EE37A4 /* UIWindowScene+DidChangeScreenNotification.mm */; };
		4FB90AEC29F03C7F00EE37A4 /* UIKit.framework in Frameworks */ = {isa = PBXBuildFile; fileRef = 4FAEC7BC29EDA2DE005B696C /* UIKit.framework */; platformFilters = (ios, maccatalyst, ); };
		4FB90AF529F03D7500EE37A4 /* DynamicMTKView.h in Headers */ = {isa = PBXBuildFile; fileRef = 4FB90AF329F03D7500EE37A4 /* DynamicMTKView.h */; settings = {ATTRIBUTES = (Public, ); }; };
		4FB90AF629F03D7500EE37A4 /* DynamicMTKView.mm in Sources */ = {isa = PBXBuildFile; fileRef = 4FB90AF429F03D7500EE37A4 /* DynamicMTKView.mm */; };
		4FB90AF729F03DAB00EE37A4 /* MetalKit.framework in Frameworks */ = {isa = PBXBuildFile; fileRef = 4FAEC7AC29ED94F3005B696C /* MetalKit.framework */; };
		4FD2A38729F4442500863031 /* bird_common.hpp in Headers */ = {isa = PBXBuildFile; fileRef = 4FD2A38629F443DA00863031 /* bird_common.hpp */; settings = {ATTRIBUTES = (Private, ); }; };
/* End PBXBuildFile section */

/* Begin PBXContainerItemProxy section */
		4FAEC79B29ED8D3A005B696C /* PBXContainerItemProxy */ = {
			isa = PBXContainerItemProxy;
			containerPortal = 4F99489029EC39F300A7B116 /* Project object */;
			proxyType = 1;
			remoteGlobalIDString = 4FAEC79629ED8D3A005B696C;
			remoteInfo = MetalBirdRenderer;
		};
/* End PBXContainerItemProxy section */

/* Begin PBXCopyFilesBuildPhase section */
		4F9948B929EC3A0500A7B116 /* Embed Frameworks */ = {
			isa = PBXCopyFilesBuildPhase;
			buildActionMask = 2147483647;
			dstPath = "";
			dstSubfolderSpec = 10;
			files = (
				4FAEC79E29ED8D3A005B696C /* MetalBirdRenderer.framework in Embed Frameworks */,
			);
			name = "Embed Frameworks";
			runOnlyForDeploymentPostprocessing = 0;
		};
/* End PBXCopyFilesBuildPhase section */

/* Begin PBXFileReference section */
		4F1B92EA29EF8A18000A8974 /* BirdRenderer.mm */ = {isa = PBXFileReference; lastKnownFileType = sourcecode.cpp.objcpp; path = BirdRenderer.mm; sourceTree = "<group>"; };
		4F1B92EB29EF8A18000A8974 /* BirdRenderer.hpp */ = {isa = PBXFileReference; lastKnownFileType = sourcecode.cpp.h; path = BirdRenderer.hpp; sourceTree = "<group>"; };
		4F4B8DC229F404BE00AD6F08 /* AppKit.framework */ = {isa = PBXFileReference; lastKnownFileType = wrapper.framework; name = AppKit.framework; path = Platforms/MacOSX.platform/Developer/SDKs/MacOSX13.3.sdk/System/Library/Frameworks/AppKit.framework; sourceTree = DEVELOPER_DIR; };
		4F4B8DC429F4069500AD6F08 /* NSObject+Foundation_IvarDescription.h */ = {isa = PBXFileReference; fileEncoding = 4; lastKnownFileType = sourcecode.c.h; path = "NSObject+Foundation_IvarDescription.h"; sourceTree = "<group>"; };
		4F4B8DC529F4069500AD6F08 /* NSObject+Foundation_IvarDescription.mm */ = {isa = PBXFileReference; fileEncoding = 4; lastKnownFileType = sourcecode.cpp.objcpp; path = "NSObject+Foundation_IvarDescription.mm"; sourceTree = "<group>"; };
		4F4B8DD129F4161500AD6F08 /* Math.cpp */ = {isa = PBXFileReference; lastKnownFileType = sourcecode.cpp.cpp; path = Math.cpp; sourceTree = "<group>"; };
		4F4B8DD229F4161500AD6F08 /* Math.hpp */ = {isa = PBXFileReference; lastKnownFileType = sourcecode.cpp.h; path = Math.hpp; sourceTree = "<group>"; };
		4F99489829EC39F300A7B116 /* MetalBird.app */ = {isa = PBXFileReference; explicitFileType = wrapper.application; includeInIndex = 0; path = MetalBird.app; sourceTree = BUILT_PRODUCTS_DIR; };
		4F99489B29EC39F300A7B116 /* MetalBirdApp.swift */ = {isa = PBXFileReference; lastKnownFileType = sourcecode.swift; path = MetalBirdApp.swift; sourceTree = "<group>"; };
		4F99489D29EC39F300A7B116 /* ContentView.swift */ = {isa = PBXFileReference; lastKnownFileType = sourcecode.swift; path = ContentView.swift; sourceTree = "<group>"; };
		4F99489F29EC39F400A7B116 /* Assets.xcassets */ = {isa = PBXFileReference; lastKnownFileType = folder.assetcatalog; path = Assets.xcassets; sourceTree = "<group>"; };
		4F9948A229EC39F400A7B116 /* Preview Assets.xcassets */ = {isa = PBXFileReference; lastKnownFileType = folder.assetcatalog; path = "Preview Assets.xcassets"; sourceTree = "<group>"; };
		4F9948D529EC3F7E00A7B116 /* GameView.swift */ = {isa = PBXFileReference; lastKnownFileType = sourcecode.swift; path = GameView.swift; sourceTree = "<group>"; };
		4FAEC79729ED8D3A005B696C /* MetalBirdRenderer.framework */ = {isa = PBXFileReference; explicitFileType = wrapper.framework; includeInIndex = 0; path = MetalBirdRenderer.framework; sourceTree = BUILT_PRODUCTS_DIR; };
		4FAEC79929ED8D3A005B696C /* MetalBirdRenderer.h */ = {isa = PBXFileReference; lastKnownFileType = sourcecode.c.h; path = MetalBirdRenderer.h; sourceTree = "<group>"; };
		4FAEC7A229ED8D5D005B696C /* constants.h */ = {isa = PBXFileReference; fileEncoding = 4; lastKnownFileType = sourcecode.c.h; path = constants.h; sourceTree = "<group>"; };
		4FAEC7A329ED8D5D005B696C /* GameRenderer.h */ = {isa = PBXFileReference; fileEncoding = 4; lastKnownFileType = sourcecode.c.h; path = GameRenderer.h; sourceTree = "<group>"; };
		4FAEC7A429ED8D5D005B696C /* GameRenderer.mm */ = {isa = PBXFileReference; fileEncoding = 4; lastKnownFileType = sourcecode.cpp.objcpp; path = GameRenderer.mm; sourceTree = "<group>"; };
		4FAEC7A829ED8D89005B696C /* bird_shader.metal */ = {isa = PBXFileReference; lastKnownFileType = sourcecode.metal; path = bird_shader.metal; sourceTree = "<group>"; };
		4FAEC7AA29ED8D91005B696C /* grid_shader.metal */ = {isa = PBXFileReference; lastKnownFileType = sourcecode.metal; path = grid_shader.metal; sourceTree = "<group>"; };
		4FAEC7AC29ED94F3005B696C /* MetalKit.framework */ = {isa = PBXFileReference; lastKnownFileType = wrapper.framework; name = MetalKit.framework; path = Platforms/MacOSX.platform/Developer/SDKs/MacOSX13.3.sdk/System/iOSSupport/System/Library/Frameworks/MetalKit.framework; sourceTree = DEVELOPER_DIR; };
		4FAEC7AE29ED94FC005B696C /* libc++.tbd */ = {isa = PBXFileReference; lastKnownFileType = "sourcecode.text-based-dylib-definition"; name = "libc++.tbd"; path = "Platforms/MacOSX.platform/Developer/SDKs/MacOSX13.3.sdk/usr/lib/libc++.tbd"; sourceTree = DEVELOPER_DIR; };
		4FAEC7AF29ED950E005B696C /* Metal.framework */ = {isa = PBXFileReference; lastKnownFileType = wrapper.framework; name = Metal.framework; path = Platforms/MacOSX.platform/Developer/SDKs/MacOSX13.3.sdk/System/Library/Frameworks/Metal.framework; sourceTree = DEVELOPER_DIR; };
		4FAEC7B429ED9ACD005B696C /* BaseRenderer.mm */ = {isa = PBXFileReference; lastKnownFileType = sourcecode.cpp.objcpp; path = BaseRenderer.mm; sourceTree = "<group>"; };
		4FAEC7B529ED9ACD005B696C /* BaseRenderer.hpp */ = {isa = PBXFileReference; lastKnownFileType = sourcecode.cpp.h; path = BaseRenderer.hpp; sourceTree = "<group>"; };
		4FAEC7B829ED9C75005B696C /* GridRenderer.mm */ = {isa = PBXFileReference; lastKnownFileType = sourcecode.cpp.objcpp; path = GridRenderer.mm; sourceTree = "<group>"; };
		4FAEC7B929ED9C75005B696C /* GridRenderer.hpp */ = {isa = PBXFileReference; lastKnownFileType = sourcecode.cpp.h; path = GridRenderer.hpp; sourceTree = "<group>"; };
		4FAEC7BC29EDA2DE005B696C /* UIKit.framework */ = {isa = PBXFileReference; lastKnownFileType = wrapper.framework; name = UIKit.framework; path = Platforms/MacOSX.platform/Developer/SDKs/MacOSX13.3.sdk/System/iOSSupport/System/Library/Frameworks/UIKit.framework; sourceTree = DEVELOPER_DIR; };
		4FAEC7BE29EDA2E7005B696C /* CoreGraphics.framework */ = {isa = PBXFileReference; lastKnownFileType = wrapper.framework; name = CoreGraphics.framework; path = Platforms/MacOSX.platform/Developer/SDKs/MacOSX13.3.sdk/System/Library/Frameworks/CoreGraphics.framework; sourceTree = DEVELOPER_DIR; };
		4FB90AE829F03C3A00EE37A4 /* UIWindowScene+DidChangeScreenNotification.hpp */ = {isa = PBXFileReference; fileEncoding = 4; lastKnownFileType = sourcecode.cpp.h; path = "UIWindowScene+DidChangeScreenNotification.hpp"; sourceTree = "<group>"; };
		4FB90AE929F03C3A00EE37A4 /* UIWindowScene+DidChangeScreenNotification.mm */ = {isa = PBXFileReference; fileEncoding = 4; lastKnownFileType = sourcecode.cpp.objcpp; path = "UIWindowScene+DidChangeScreenNotification.mm"; sourceTree = "<group>"; };
		4FB90AF329F03D7500EE37A4 /* DynamicMTKView.h */ = {isa = PBXFileReference; lastKnownFileType = sourcecode.c.h; path = DynamicMTKView.h; sourceTree = "<group>"; };
		4FB90AF429F03D7500EE37A4 /* DynamicMTKView.mm */ = {isa = PBXFileReference; lastKnownFileType = sourcecode.cpp.objcpp; path = DynamicMTKView.mm; sourceTree = "<group>"; };
		4FB90AF829F03DC600EE37A4 /* MetalBird.entitlements */ = {isa = PBXFileReference; lastKnownFileType = text.plist.entitlements; path = MetalBird.entitlements; sourceTree = "<group>"; };
		4FD2A38629F443DA00863031 /* bird_common.hpp */ = {isa = PBXFileReference; lastKnownFileType = sourcecode.cpp.h; path = bird_common.hpp; sourceTree = "<group>"; };
/* End PBXFileReference section */

/* Begin PBXFrameworksBuildPhase section */
		4F99489529EC39F300A7B116 /* Frameworks */ = {
			isa = PBXFrameworksBuildPhase;
			buildActionMask = 2147483647;
			files = (
				4FAEC79D29ED8D3A005B696C /* MetalBirdRenderer.framework in Frameworks */,
			);
			runOnlyForDeploymentPostprocessing = 0;
		};
		4FAEC79429ED8D3A005B696C /* Frameworks */ = {
			isa = PBXFrameworksBuildPhase;
			buildActionMask = 2147483647;
			files = (
				4FAEC7BF29EDA2E7005B696C /* CoreGraphics.framework in Frameworks */,
				4FB90AF729F03DAB00EE37A4 /* MetalKit.framework in Frameworks */,
				4F4B8DC329F404BF00AD6F08 /* AppKit.framework in Frameworks */,
				4FB90AEC29F03C7F00EE37A4 /* UIKit.framework in Frameworks */,
				4FAEC7B029ED950E005B696C /* Metal.framework in Frameworks */,
			);
			runOnlyForDeploymentPostprocessing = 0;
		};
/* End PBXFrameworksBuildPhase section */

/* Begin PBXGroup section */
		4F4B8DC829F4100D00AD6F08 /* Utils */ = {
			isa = PBXGroup;
			children = (
				4F4B8DD229F4161500AD6F08 /* Math.hpp */,
				4F4B8DD129F4161500AD6F08 /* Math.cpp */,
			);
			path = Utils;
			sourceTree = "<group>";
		};
		4F99488F29EC39F300A7B116 = {
			isa = PBXGroup;
			children = (
				4F99489A29EC39F300A7B116 /* MetalBird */,
				4FAEC79829ED8D3A005B696C /* MetalBirdRenderer */,
				4F99489929EC39F300A7B116 /* Products */,
				4F9948DA29EC482F00A7B116 /* Frameworks */,
			);
			sourceTree = "<group>";
		};
		4F99489929EC39F300A7B116 /* Products */ = {
			isa = PBXGroup;
			children = (
				4F99489829EC39F300A7B116 /* MetalBird.app */,
				4FAEC79729ED8D3A005B696C /* MetalBirdRenderer.framework */,
			);
			name = Products;
			sourceTree = "<group>";
		};
		4F99489A29EC39F300A7B116 /* MetalBird */ = {
			isa = PBXGroup;
			children = (
				4FB90AF829F03DC600EE37A4 /* MetalBird.entitlements */,
				4F99489B29EC39F300A7B116 /* MetalBirdApp.swift */,
				4F99489D29EC39F300A7B116 /* ContentView.swift */,
				4F9948D529EC3F7E00A7B116 /* GameView.swift */,
				4F99489F29EC39F400A7B116 /* Assets.xcassets */,
				4F9948A129EC39F400A7B116 /* Preview Content */,
			);
			path = MetalBird;
			sourceTree = "<group>";
		};
		4F9948A129EC39F400A7B116 /* Preview Content */ = {
			isa = PBXGroup;
			children = (
				4F9948A229EC39F400A7B116 /* Preview Assets.xcassets */,
			);
			path = "Preview Content";
			sourceTree = "<group>";
		};
		4F9948DA29EC482F00A7B116 /* Frameworks */ = {
			isa = PBXGroup;
			children = (
				4F4B8DC229F404BE00AD6F08 /* AppKit.framework */,
				4FAEC7BE29EDA2E7005B696C /* CoreGraphics.framework */,
				4FAEC7BC29EDA2DE005B696C /* UIKit.framework */,
				4FAEC7AF29ED950E005B696C /* Metal.framework */,
				4FAEC7AE29ED94FC005B696C /* libc++.tbd */,
				4FAEC7AC29ED94F3005B696C /* MetalKit.framework */,
			);
			name = Frameworks;
			sourceTree = "<group>";
		};
		4FAEC79829ED8D3A005B696C /* MetalBirdRenderer */ = {
			isa = PBXGroup;
			children = (
				4FAEC79929ED8D3A005B696C /* MetalBirdRenderer.h */,
				4FAEC7A229ED8D5D005B696C /* constants.h */,
				4FAEC7A329ED8D5D005B696C /* GameRenderer.h */,
				4FAEC7A429ED8D5D005B696C /* GameRenderer.mm */,
				4FB90AF329F03D7500EE37A4 /* DynamicMTKView.h */,
				4FB90AF429F03D7500EE37A4 /* DynamicMTKView.mm */,
				4FB90AE729F03C2600EE37A4 /* Categories */,
				4FD2A38529F443C400863031 /* Commons */,
				4FAEC7B329ED9AB0005B696C /* Renderers */,
				4FB90ABE29F026ED00EE37A4 /* Shaders */,
				4F4B8DC829F4100D00AD6F08 /* Utils */,
			);
			path = MetalBirdRenderer;
			sourceTree = "<group>";
		};
		4FAEC7B329ED9AB0005B696C /* Renderers */ = {
			isa = PBXGroup;
			children = (
				4FAEC7B529ED9ACD005B696C /* BaseRenderer.hpp */,
				4FAEC7B429ED9ACD005B696C /* BaseRenderer.mm */,
				4FAEC7B929ED9C75005B696C /* GridRenderer.hpp */,
				4FAEC7B829ED9C75005B696C /* GridRenderer.mm */,
				4F1B92EB29EF8A18000A8974 /* BirdRenderer.hpp */,
				4F1B92EA29EF8A18000A8974 /* BirdRenderer.mm */,
			);
			path = Renderers;
			sourceTree = "<group>";
		};
		4FB90ABE29F026ED00EE37A4 /* Shaders */ = {
			isa = PBXGroup;
			children = (
				4FAEC7AA29ED8D91005B696C /* grid_shader.metal */,
				4FAEC7A829ED8D89005B696C /* bird_shader.metal */,
			);
			path = Shaders;
			sourceTree = "<group>";
		};
		4FB90AE729F03C2600EE37A4 /* Categories */ = {
			isa = PBXGroup;
			children = (
				4F4B8DC429F4069500AD6F08 /* NSObject+Foundation_IvarDescription.h */,
				4F4B8DC529F4069500AD6F08 /* NSObject+Foundation_IvarDescription.mm */,
				4FB90AE829F03C3A00EE37A4 /* UIWindowScene+DidChangeScreenNotification.hpp */,
				4FB90AE929F03C3A00EE37A4 /* UIWindowScene+DidChangeScreenNotification.mm */,
			);
			path = Categories;
			sourceTree = "<group>";
		};
		4FD2A38529F443C400863031 /* Commons */ = {
			isa = PBXGroup;
			children = (
				4FD2A38629F443DA00863031 /* bird_common.hpp */,
			);
			path = Commons;
			sourceTree = "<group>";
		};
/* End PBXGroup section */

/* Begin PBXHeadersBuildPhase section */
		4FAEC79229ED8D3A005B696C /* Headers */ = {
			isa = PBXHeadersBuildPhase;
			buildActionMask = 2147483647;
			files = (
				4FB90AEA29F03C3A00EE37A4 /* UIWindowScene+DidChangeScreenNotification.hpp in Headers */,
				4F1B92ED29EF8A18000A8974 /* BirdRenderer.hpp in Headers */,
				4FB90AF529F03D7500EE37A4 /* DynamicMTKView.h in Headers */,
				4FAEC7A529ED8D5D005B696C /* constants.h in Headers */,
				4FAEC7BB29ED9C75005B696C /* GridRenderer.hpp in Headers */,
				4FAEC7A629ED8D5D005B696C /* GameRenderer.h in Headers */,
				4FAEC79A29ED8D3A005B696C /* MetalBirdRenderer.h in Headers */,
				4F4B8DC629F4069500AD6F08 /* NSObject+Foundation_IvarDescription.h in Headers */,
				4F4B8DD429F4161500AD6F08 /* Math.hpp in Headers */,
				4FD2A38729F4442500863031 /* bird_common.hpp in Headers */,
				4FAEC7B729ED9ACD005B696C /* BaseRenderer.hpp in Headers */,
			);
			runOnlyForDeploymentPostprocessing = 0;
		};
/* End PBXHeadersBuildPhase section */

/* Begin PBXNativeTarget section */
		4F99489729EC39F300A7B116 /* MetalBird */ = {
			isa = PBXNativeTarget;
			buildConfigurationList = 4F9948A629EC39F400A7B116 /* Build configuration list for PBXNativeTarget "MetalBird" */;
			buildPhases = (
				4F99489429EC39F300A7B116 /* Sources */,
				4F99489529EC39F300A7B116 /* Frameworks */,
				4F99489629EC39F300A7B116 /* Resources */,
				4F9948B929EC3A0500A7B116 /* Embed Frameworks */,
			);
			buildRules = (
			);
			dependencies = (
				4FAEC79C29ED8D3A005B696C /* PBXTargetDependency */,
			);
			name = MetalBird;
			packageProductDependencies = (
			);
			productName = MetalBird;
			productReference = 4F99489829EC39F300A7B116 /* MetalBird.app */;
			productType = "com.apple.product-type.application";
		};
		4FAEC79629ED8D3A005B696C /* MetalBirdRenderer */ = {
			isa = PBXNativeTarget;
			buildConfigurationList = 4FAEC7A129ED8D3A005B696C /* Build configuration list for PBXNativeTarget "MetalBirdRenderer" */;
			buildPhases = (
				4FAEC79229ED8D3A005B696C /* Headers */,
				4FAEC79329ED8D3A005B696C /* Sources */,
				4FAEC79429ED8D3A005B696C /* Frameworks */,
				4FAEC79529ED8D3A005B696C /* Resources */,
			);
			buildRules = (
			);
			dependencies = (
			);
			name = MetalBirdRenderer;
			productName = MetalBirdRenderer;
			productReference = 4FAEC79729ED8D3A005B696C /* MetalBirdRenderer.framework */;
			productType = "com.apple.product-type.framework";
		};
/* End PBXNativeTarget section */

/* Begin PBXProject section */
		4F99489029EC39F300A7B116 /* Project object */ = {
			isa = PBXProject;
			attributes = {
				BuildIndependentTargetsInParallel = 1;
				LastSwiftUpdateCheck = 1430;
				LastUpgradeCheck = 1430;
				TargetAttributes = {
					4F99489729EC39F300A7B116 = {
						CreatedOnToolsVersion = 14.3;
					};
					4FAEC79629ED8D3A005B696C = {
						CreatedOnToolsVersion = 14.3;
						LastSwiftMigration = 1430;
					};
				};
			};
			buildConfigurationList = 4F99489329EC39F300A7B116 /* Build configuration list for PBXProject "MetalBird" */;
			compatibilityVersion = "Xcode 14.0";
			developmentRegion = en;
			hasScannedForEncodings = 0;
			knownRegions = (
				en,
				Base,
			);
			mainGroup = 4F99488F29EC39F300A7B116;
			productRefGroup = 4F99489929EC39F300A7B116 /* Products */;
			projectDirPath = "";
			projectRoot = "";
			targets = (
				4F99489729EC39F300A7B116 /* MetalBird */,
				4FAEC79629ED8D3A005B696C /* MetalBirdRenderer */,
			);
		};
/* End PBXProject section */

/* Begin PBXResourcesBuildPhase section */
		4F99489629EC39F300A7B116 /* Resources */ = {
			isa = PBXResourcesBuildPhase;
			buildActionMask = 2147483647;
			files = (
				4F9948A329EC39F400A7B116 /* Preview Assets.xcassets in Resources */,
				4F9948A029EC39F400A7B116 /* Assets.xcassets in Resources */,
			);
			runOnlyForDeploymentPostprocessing = 0;
		};
		4FAEC79529ED8D3A005B696C /* Resources */ = {
			isa = PBXResourcesBuildPhase;
			buildActionMask = 2147483647;
			files = (
			);
			runOnlyForDeploymentPostprocessing = 0;
		};
/* End PBXResourcesBuildPhase section */

/* Begin PBXSourcesBuildPhase section */
		4F99489429EC39F300A7B116 /* Sources */ = {
			isa = PBXSourcesBuildPhase;
			buildActionMask = 2147483647;
			files = (
				4F99489E29EC39F300A7B116 /* ContentView.swift in Sources */,
				4F9948D629EC3F7E00A7B116 /* GameView.swift in Sources */,
				4F99489C29EC39F300A7B116 /* MetalBirdApp.swift in Sources */,
			);
			runOnlyForDeploymentPostprocessing = 0;
		};
		4FAEC79329ED8D3A005B696C /* Sources */ = {
			isa = PBXSourcesBuildPhase;
			buildActionMask = 2147483647;
			files = (
				4FAEC7A729ED8D5D005B696C /* GameRenderer.mm in Sources */,
				4F4B8DC729F4069500AD6F08 /* NSObject+Foundation_IvarDescription.mm in Sources */,
				4FAEC7A929ED8D89005B696C /* bird_shader.metal in Sources */,
				4FAEC7AB29ED8D91005B696C /* grid_shader.metal in Sources */,
				4FAEC7BA29ED9C75005B696C /* GridRenderer.mm in Sources */,
				4FB90AEB29F03C3A00EE37A4 /* UIWindowScene+DidChangeScreenNotification.mm in Sources */,
				4FAEC7B629ED9ACD005B696C /* BaseRenderer.mm in Sources */,
				4F4B8DD329F4161500AD6F08 /* Math.cpp in Sources */,
				4F1B92EC29EF8A18000A8974 /* BirdRenderer.mm in Sources */,
				4FB90AF629F03D7500EE37A4 /* DynamicMTKView.mm in Sources */,
			);
			runOnlyForDeploymentPostprocessing = 0;
		};
/* End PBXSourcesBuildPhase section */

/* Begin PBXTargetDependency section */
		4FAEC79C29ED8D3A005B696C /* PBXTargetDependency */ = {
			isa = PBXTargetDependency;
			target = 4FAEC79629ED8D3A005B696C /* MetalBirdRenderer */;
			targetProxy = 4FAEC79B29ED8D3A005B696C /* PBXContainerItemProxy */;
		};
/* End PBXTargetDependency section */

/* Begin XCBuildConfiguration section */
		4F9948A429EC39F400A7B116 /* Debug */ = {
			isa = XCBuildConfiguration;
			buildSettings = {
				ALWAYS_SEARCH_USER_PATHS = NO;
				CLANG_ANALYZER_NONNULL = YES;
				CLANG_ANALYZER_NUMBER_OBJECT_CONVERSION = YES_AGGRESSIVE;
				CLANG_CXX_LANGUAGE_STANDARD = "gnu++20";
				CLANG_ENABLE_MODULES = YES;
				CLANG_ENABLE_OBJC_ARC = NO;
				CLANG_ENABLE_OBJC_WEAK = NO;
				CLANG_WARN_BLOCK_CAPTURE_AUTORELEASING = YES;
				CLANG_WARN_BOOL_CONVERSION = YES;
				CLANG_WARN_COMMA = YES;
				CLANG_WARN_CONSTANT_CONVERSION = YES;
				CLANG_WARN_DEPRECATED_OBJC_IMPLEMENTATIONS = YES;
				CLANG_WARN_DIRECT_OBJC_ISA_USAGE = YES_ERROR;
				CLANG_WARN_DOCUMENTATION_COMMENTS = YES;
				CLANG_WARN_EMPTY_BODY = YES;
				CLANG_WARN_ENUM_CONVERSION = YES;
				CLANG_WARN_INFINITE_RECURSION = YES;
				CLANG_WARN_INT_CONVERSION = YES;
				CLANG_WARN_NON_LITERAL_NULL_CONVERSION = YES;
				CLANG_WARN_OBJC_IMPLICIT_RETAIN_SELF = YES;
				CLANG_WARN_OBJC_LITERAL_CONVERSION = YES;
				CLANG_WARN_OBJC_ROOT_CLASS = YES_ERROR;
				CLANG_WARN_QUOTED_INCLUDE_IN_FRAMEWORK_HEADER = YES;
				CLANG_WARN_RANGE_LOOP_ANALYSIS = YES;
				CLANG_WARN_STRICT_PROTOTYPES = YES;
				CLANG_WARN_SUSPICIOUS_MOVE = YES;
				CLANG_WARN_UNGUARDED_AVAILABILITY = YES_AGGRESSIVE;
				CLANG_WARN_UNREACHABLE_CODE = YES;
				CLANG_WARN__DUPLICATE_METHOD_MATCH = YES;
				COPY_PHASE_STRIP = NO;
				DEBUG_INFORMATION_FORMAT = dwarf;
				ENABLE_STRICT_OBJC_MSGSEND = YES;
				ENABLE_TESTABILITY = YES;
				GCC_C_LANGUAGE_STANDARD = gnu11;
				GCC_DYNAMIC_NO_PIC = NO;
				GCC_NO_COMMON_BLOCKS = YES;
				GCC_OPTIMIZATION_LEVEL = 0;
				GCC_PREPROCESSOR_DEFINITIONS = (
					"DEBUG=1",
					"$(inherited)",
				);
				GCC_WARN_64_TO_32_BIT_CONVERSION = YES;
				GCC_WARN_ABOUT_RETURN_TYPE = YES_ERROR;
				GCC_WARN_UNDECLARED_SELECTOR = YES;
				GCC_WARN_UNINITIALIZED_AUTOS = YES_AGGRESSIVE;
				GCC_WARN_UNUSED_FUNCTION = YES;
				GCC_WARN_UNUSED_VARIABLE = YES;
				IPHONEOS_DEPLOYMENT_TARGET = 16.4;
				MTL_ENABLE_DEBUG_INFO = INCLUDE_SOURCE;
				MTL_FAST_MATH = YES;
				ONLY_ACTIVE_ARCH = YES;
				SDKROOT = iphoneos;
				SWIFT_ACTIVE_COMPILATION_CONDITIONS = DEBUG;
				SWIFT_OPTIMIZATION_LEVEL = "-Onone";
				SWIFT_STRICT_CONCURRENCY = complete;
			};
			name = Debug;
		};
		4F9948A529EC39F400A7B116 /* Release */ = {
			isa = XCBuildConfiguration;
			buildSettings = {
				ALWAYS_SEARCH_USER_PATHS = NO;
				CLANG_ANALYZER_NONNULL = YES;
				CLANG_ANALYZER_NUMBER_OBJECT_CONVERSION = YES_AGGRESSIVE;
				CLANG_CXX_LANGUAGE_STANDARD = "gnu++20";
				CLANG_ENABLE_MODULES = YES;
				CLANG_ENABLE_OBJC_ARC = NO;
				CLANG_ENABLE_OBJC_WEAK = NO;
				CLANG_WARN_BLOCK_CAPTURE_AUTORELEASING = YES;
				CLANG_WARN_BOOL_CONVERSION = YES;
				CLANG_WARN_COMMA = YES;
				CLANG_WARN_CONSTANT_CONVERSION = YES;
				CLANG_WARN_DEPRECATED_OBJC_IMPLEMENTATIONS = YES;
				CLANG_WARN_DIRECT_OBJC_ISA_USAGE = YES_ERROR;
				CLANG_WARN_DOCUMENTATION_COMMENTS = YES;
				CLANG_WARN_EMPTY_BODY = YES;
				CLANG_WARN_ENUM_CONVERSION = YES;
				CLANG_WARN_INFINITE_RECURSION = YES;
				CLANG_WARN_INT_CONVERSION = YES;
				CLANG_WARN_NON_LITERAL_NULL_CONVERSION = YES;
				CLANG_WARN_OBJC_IMPLICIT_RETAIN_SELF = YES;
				CLANG_WARN_OBJC_LITERAL_CONVERSION = YES;
				CLANG_WARN_OBJC_ROOT_CLASS = YES_ERROR;
				CLANG_WARN_QUOTED_INCLUDE_IN_FRAMEWORK_HEADER = YES;
				CLANG_WARN_RANGE_LOOP_ANALYSIS = YES;
				CLANG_WARN_STRICT_PROTOTYPES = YES;
				CLANG_WARN_SUSPICIOUS_MOVE = YES;
				CLANG_WARN_UNGUARDED_AVAILABILITY = YES_AGGRESSIVE;
				CLANG_WARN_UNREACHABLE_CODE = YES;
				CLANG_WARN__DUPLICATE_METHOD_MATCH = YES;
				COPY_PHASE_STRIP = NO;
				DEBUG_INFORMATION_FORMAT = "dwarf-with-dsym";
				ENABLE_NS_ASSERTIONS = NO;
				ENABLE_STRICT_OBJC_MSGSEND = YES;
				GCC_C_LANGUAGE_STANDARD = gnu11;
				GCC_NO_COMMON_BLOCKS = YES;
				GCC_WARN_64_TO_32_BIT_CONVERSION = YES;
				GCC_WARN_ABOUT_RETURN_TYPE = YES_ERROR;
				GCC_WARN_UNDECLARED_SELECTOR = YES;
				GCC_WARN_UNINITIALIZED_AUTOS = YES_AGGRESSIVE;
				GCC_WARN_UNUSED_FUNCTION = YES;
				GCC_WARN_UNUSED_VARIABLE = YES;
				IPHONEOS_DEPLOYMENT_TARGET = 16.4;
				MTL_ENABLE_DEBUG_INFO = NO;
				MTL_FAST_MATH = YES;
				SDKROOT = iphoneos;
				SWIFT_COMPILATION_MODE = wholemodule;
				SWIFT_OPTIMIZATION_LEVEL = "-O";
				SWIFT_STRICT_CONCURRENCY = complete;
				VALIDATE_PRODUCT = YES;
			};
			name = Release;
		};
		4F9948A729EC39F400A7B116 /* Debug */ = {
			isa = XCBuildConfiguration;
			buildSettings = {
				ASSETCATALOG_COMPILER_APPICON_NAME = AppIcon;
				ASSETCATALOG_COMPILER_GLOBAL_ACCENT_COLOR_NAME = AccentColor;
				CODE_SIGN_ENTITLEMENTS = MetalBird/MetalBird.entitlements;
				CODE_SIGN_STYLE = Automatic;
				CURRENT_PROJECT_VERSION = 1;
				DEVELOPMENT_ASSET_PATHS = "\"MetalBird/Preview Content\"";
				DEVELOPMENT_TEAM = P53D29U9LJ;
				ENABLE_PREVIEWS = YES;
				GENERATE_INFOPLIST_FILE = YES;
				INFOPLIST_KEY_UIApplicationSceneManifest_Generation = YES;
				INFOPLIST_KEY_UIApplicationSupportsIndirectInputEvents = YES;
				INFOPLIST_KEY_UILaunchScreen_Generation = YES;
				INFOPLIST_KEY_UISupportedInterfaceOrientations_iPad = "UIInterfaceOrientationPortrait UIInterfaceOrientationPortraitUpsideDown UIInterfaceOrientationLandscapeLeft UIInterfaceOrientationLandscapeRight";
				INFOPLIST_KEY_UISupportedInterfaceOrientations_iPhone = "UIInterfaceOrientationPortrait UIInterfaceOrientationLandscapeLeft UIInterfaceOrientationLandscapeRight";
				LD_RUNPATH_SEARCH_PATHS = (
					"$(inherited)",
					"@executable_path/Frameworks",
				);
				MARKETING_VERSION = 1.0;
				PRODUCT_BUNDLE_IDENTIFIER = com.pookjw.MetalBird;
				PRODUCT_NAME = "$(TARGET_NAME)";
				SUPPORTED_PLATFORMS = "iphoneos iphonesimulator macosx";
				SUPPORTS_MACCATALYST = YES;
				SUPPORTS_MAC_DESIGNED_FOR_IPHONE_IPAD = YES;
				SWIFT_EMIT_LOC_STRINGS = YES;
				SWIFT_VERSION = 5.0;
				TARGETED_DEVICE_FAMILY = "1,2";
			};
			name = Debug;
		};
		4F9948A829EC39F400A7B116 /* Release */ = {
			isa = XCBuildConfiguration;
			buildSettings = {
				ASSETCATALOG_COMPILER_APPICON_NAME = AppIcon;
				ASSETCATALOG_COMPILER_GLOBAL_ACCENT_COLOR_NAME = AccentColor;
				CODE_SIGN_ENTITLEMENTS = MetalBird/MetalBird.entitlements;
				CODE_SIGN_STYLE = Automatic;
				CURRENT_PROJECT_VERSION = 1;
				DEVELOPMENT_ASSET_PATHS = "\"MetalBird/Preview Content\"";
				DEVELOPMENT_TEAM = P53D29U9LJ;
				ENABLE_PREVIEWS = YES;
				GENERATE_INFOPLIST_FILE = YES;
				INFOPLIST_KEY_UIApplicationSceneManifest_Generation = YES;
				INFOPLIST_KEY_UIApplicationSupportsIndirectInputEvents = YES;
				INFOPLIST_KEY_UILaunchScreen_Generation = YES;
				INFOPLIST_KEY_UISupportedInterfaceOrientations_iPad = "UIInterfaceOrientationPortrait UIInterfaceOrientationPortraitUpsideDown UIInterfaceOrientationLandscapeLeft UIInterfaceOrientationLandscapeRight";
				INFOPLIST_KEY_UISupportedInterfaceOrientations_iPhone = "UIInterfaceOrientationPortrait UIInterfaceOrientationLandscapeLeft UIInterfaceOrientationLandscapeRight";
				LD_RUNPATH_SEARCH_PATHS = (
					"$(inherited)",
					"@executable_path/Frameworks",
				);
				MARKETING_VERSION = 1.0;
				PRODUCT_BUNDLE_IDENTIFIER = com.pookjw.MetalBird;
				PRODUCT_NAME = "$(TARGET_NAME)";
				SUPPORTED_PLATFORMS = "iphoneos iphonesimulator macosx";
				SUPPORTS_MACCATALYST = YES;
				SUPPORTS_MAC_DESIGNED_FOR_IPHONE_IPAD = YES;
				SWIFT_EMIT_LOC_STRINGS = YES;
				SWIFT_VERSION = 5.0;
				TARGETED_DEVICE_FAMILY = "1,2";
			};
			name = Release;
		};
		4FAEC79F29ED8D3A005B696C /* Debug */ = {
			isa = XCBuildConfiguration;
			buildSettings = {
				CLANG_ENABLE_MODULES = YES;
				CLANG_ENABLE_OBJC_ARC = YES;
				CLANG_ENABLE_OBJC_WEAK = YES;
				CODE_SIGN_STYLE = Automatic;
				CURRENT_PROJECT_VERSION = 1;
				DEFINES_MODULE = YES;
				DEVELOPMENT_TEAM = P53D29U9LJ;
				DYLIB_COMPATIBILITY_VERSION = 1;
				DYLIB_CURRENT_VERSION = 1;
				DYLIB_INSTALL_NAME_BASE = "@rpath";
				ENABLE_MODULE_VERIFIER = YES;
				GENERATE_INFOPLIST_FILE = YES;
				INFOPLIST_KEY_NSHumanReadableCopyright = "";
				INSTALL_PATH = "$(LOCAL_LIBRARY_DIR)/Frameworks";
				LD_RUNPATH_SEARCH_PATHS = (
					"$(inherited)",
					"@executable_path/Frameworks",
					"@loader_path/Frameworks",
				);
				MARKETING_VERSION = 1.0;
				MODULE_VERIFIER_SUPPORTED_LANGUAGES = "objective-c objective-c++";
				MODULE_VERIFIER_SUPPORTED_LANGUAGE_STANDARDS = "gnu11 gnu++20";
				PRODUCT_BUNDLE_IDENTIFIER = com.pookjw.MetalBirdRenderer;
				PRODUCT_NAME = "$(TARGET_NAME:c99extidentifier)";
				SKIP_INSTALL = YES;
				SUPPORTED_PLATFORMS = "iphoneos iphonesimulator macosx";
				SUPPORTS_MACCATALYST = YES;
				SUPPORTS_MAC_DESIGNED_FOR_IPHONE_IPAD = YES;
				SWIFT_EMIT_LOC_STRINGS = YES;
				SWIFT_OPTIMIZATION_LEVEL = "-Onone";
				SWIFT_VERSION = 5.0;
				TARGETED_DEVICE_FAMILY = "1,2";
				VERSIONING_SYSTEM = "apple-generic";
				VERSION_INFO_PREFIX = "";
			};
			name = Debug;
		};
		4FAEC7A029ED8D3A005B696C /* Release */ = {
			isa = XCBuildConfiguration;
			buildSettings = {
				CLANG_ENABLE_MODULES = YES;
				CLANG_ENABLE_OBJC_ARC = YES;
				CLANG_ENABLE_OBJC_WEAK = YES;
				CODE_SIGN_STYLE = Automatic;
				CURRENT_PROJECT_VERSION = 1;
				DEFINES_MODULE = YES;
				DEVELOPMENT_TEAM = P53D29U9LJ;
				DYLIB_COMPATIBILITY_VERSION = 1;
				DYLIB_CURRENT_VERSION = 1;
				DYLIB_INSTALL_NAME_BASE = "@rpath";
				ENABLE_MODULE_VERIFIER = YES;
				GENERATE_INFOPLIST_FILE = YES;
				INFOPLIST_KEY_NSHumanReadableCopyright = "";
				INSTALL_PATH = "$(LOCAL_LIBRARY_DIR)/Frameworks";
				LD_RUNPATH_SEARCH_PATHS = (
					"$(inherited)",
					"@executable_path/Frameworks",
					"@loader_path/Frameworks",
				);
				MARKETING_VERSION = 1.0;
				MODULE_VERIFIER_SUPPORTED_LANGUAGES = "objective-c objective-c++";
				MODULE_VERIFIER_SUPPORTED_LANGUAGE_STANDARDS = "gnu11 gnu++20";
				PRODUCT_BUNDLE_IDENTIFIER = com.pookjw.MetalBirdRenderer;
				PRODUCT_NAME = "$(TARGET_NAME:c99extidentifier)";
				SKIP_INSTALL = YES;
				SUPPORTED_PLATFORMS = "iphoneos iphonesimulator macosx";
				SUPPORTS_MACCATALYST = YES;
				SUPPORTS_MAC_DESIGNED_FOR_IPHONE_IPAD = YES;
				SWIFT_EMIT_LOC_STRINGS = YES;
				SWIFT_VERSION = 5.0;
				TARGETED_DEVICE_FAMILY = "1,2";
				VERSIONING_SYSTEM = "apple-generic";
				VERSION_INFO_PREFIX = "";
			};
			name = Release;
		};
/* End XCBuildConfiguration section */

/* Begin XCConfigurationList section */
		4F99489329EC39F300A7B116 /* Build configuration list for PBXProject "MetalBird" */ = {
			isa = XCConfigurationList;
			buildConfigurations = (
				4F9948A429EC39F400A7B116 /* Debug */,
				4F9948A529EC39F400A7B116 /* Release */,
			);
			defaultConfigurationIsVisible = 0;
			defaultConfigurationName = Release;
		};
		4F9948A629EC39F400A7B116 /* Build configuration list for PBXNativeTarget "MetalBird" */ = {
			isa = XCConfigurationList;
			buildConfigurations = (
				4F9948A729EC39F400A7B116 /* Debug */,
				4F9948A829EC39F400A7B116 /* Release */,
			);
			defaultConfigurationIsVisible = 0;
			defaultConfigurationName = Release;
		};
		4FAEC7A129ED8D3A005B696C /* Build configuration list for PBXNativeTarget "MetalBirdRenderer" */ = {
			isa = XCConfigurationList;
			buildConfigurations = (
				4FAEC79F29ED8D3A005B696C /* Debug */,
				4FAEC7A029ED8D3A005B696C /* Release */,
			);
			defaultConfigurationIsVisible = 0;
			defaultConfigurationName = Release;
		};
/* End XCConfigurationList section */
	};
	rootObject = 4F99489029EC39F300A7B116 /* Project object */;
}
